
Microsoft Visual Studio Solution File, Format Version 12.00
# Visual Studio Version 16
VisualStudioVersion = 16.0.30907.101
MinimumVisualStudioVersion = 10.0.40219.1
Project("{9A19103F-16F7-4668-BE54-9A1E7A4F7556}") = "KampIntro", "KampIntro\KampIntro.csproj", "{1E2022A2-A754-4E00-BD0E-8F42723EC8DF}"
EndProject
Project("{9A19103F-16F7-4668-BE54-9A1E7A4F7556}") = "Metotlar", "Metotlar\Metotlar.csproj", "{449988AF-068F-4625-987D-85EF1C7B13E7}"
EndProject
Project("{9A19103F-16F7-4668-BE54-9A1E7A4F7556}") = "Matematik", "Matematik\Matematik.csproj", "{F3945F13-05D2-4E59-8ADE-2F8A5419D533}"
EndProject
Project("{9A19103F-16F7-4668-BE54-9A1E7A4F7556}") = "DegerVeReferansTipler", "DegerVeReferansTipler\DegerVeReferansTipler.csproj", "{28733CA8-D3ED-429A-9AF7-F70947E2C03F}"
EndProject
Project("{FAE04EC0-301F-11D3-BF4B-00C04F79EFBC}") = "ClassIntro", "ClassIntro\ClassIntro.csproj", "{3B63688C-A8C7-445E-BA93-CDC09737C9FA}"
EndProject
Global
	GlobalSection(SolutionConfigurationPlatforms) = preSolution
		Debug|Any CPU = Debug|Any CPU
		Release|Any CPU = Release|Any CPU
	EndGlobalSection
	GlobalSection(ProjectConfigurationPlatforms) = postSolution
		{1E2022A2-A754-4E00-BD0E-8F42723EC8DF}.Debug|Any CPU.ActiveCfg = Debug|Any CPU
		{1E2022A2-A754-4E00-BD0E-8F42723EC8DF}.Debug|Any CPU.Build.0 = Debug|Any CPU
		{1E2022A2-A754-4E00-BD0E-8F42723EC8DF}.Release|Any CPU.ActiveCfg = Release|Any CPU
		{1E2022A2-A754-4E00-BD0E-8F42723EC8DF}.Release|Any CPU.Build.0 = Release|Any CPU
		{449988AF-068F-4625-987D-85EF1C7B13E7}.Debug|Any CPU.ActiveCfg = Debug|Any CPU
		{449988AF-068F-4625-987D-85EF1C7B13E7}.Debug|Any CPU.Build.0 = Debug|Any CPU
		{449988AF-068F-4625-987D-85EF1C7B13E7}.Release|Any CPU.ActiveCfg = Release|Any CPU
		{449988AF-068F-4625-987D-85EF1C7B13E7}.Release|Any CPU.Build.0 = Release|Any CPU
		{F3945F13-05D2-4E59-8ADE-2F8A5419D533}.Debug|Any CPU.ActiveCfg = Debug|Any CPU
		{F3945F13-05D2-4E59-8ADE-2F8A5419D533}.Debug|Any CPU.Build.0 = Debug|Any CPU
		{F3945F13-05D2-4E59-8ADE-2F8A5419D533}.Release|Any CPU.ActiveCfg = Release|Any CPU
		{F3945F13-05D2-4E59-8ADE-2F8A5419D533}.Release|Any CPU.Build.0 = Release|Any CPU
		{28733CA8-D3ED-429A-9AF7-F70947E2C03F}.Debug|Any CPU.ActiveCfg = Debug|Any CPU
		{28733CA8-D3ED-429A-9AF7-F70947E2C03F}.Debug|Any CPU.Build.0 = Debug|Any CPU
		{28733CA8-D3ED-429A-9AF7-F70947E2C03F}.Release|Any CPU.ActiveCfg = Release|Any CPU
		{28733CA8-D3ED-429A-9AF7-F70947E2C03F}.Release|Any CPU.Build.0 = Release|Any CPU
		{3B63688C-A8C7-445E-BA93-CDC09737C9FA}.Debug|Any CPU.ActiveCfg = Debug|Any CPU
		{3B63688C-A8C7-445E-BA93-CDC09737C9FA}.Debug|Any CPU.Build.0 = Debug|Any CPU
		{3B63688C-A8C7-445E-BA93-CDC09737C9FA}.Release|Any CPU.ActiveCfg = Release|Any CPU
		{3B63688C-A8C7-445E-BA93-CDC09737C9FA}.Release|Any CPU.Build.0 = Release|Any CPU
	EndGlobalSection
	GlobalSection(SolutionProperties) = preSolution
		HideSolutionNode = FALSE
	EndGlobalSection
	GlobalSection(ExtensibilityGlobals) = postSolution
		SolutionGuid = {01FFCE47-998F-41CD-8A22-88EB2F79DDFD}
	EndGlobalSection
EndGlobal
